PODS:
  - HorizonCalendar (2.0.0)
  - MobileVLCKit (3.5.1)

DEPENDENCIES:
  - HorizonCalendar
  - MobileVLCKit

SPEC REPOS:
  trunk:
    - HorizonCalendar
    - MobileVLCKit

SPEC CHECKSUMS:
  HorizonCalendar: 21e600058a8f4d407c79ef7848beda692c53a484
  MobileVLCKit: 144d5f565512d1147d63b0fa1379231b3fd66535

PODFILE CHECKSUM: 0ea80a104b35aee2f9563d6687a7e6f6a09a91dc

COCOAPODS: 1.14.3
