// !$*UTF8*$!
{
	archiveVersion = 1;
	classes = {
	};
	objectVersion = 50;
	objects = {

/* Begin PBXBuildFile section */
		991AB5DD246A555E004FE7FA /* CameraControlViewModelTests.swift in Sources */ = {isa = PBXBuildFile; fileRef = 991AB5DC246A555E004FE7FA /* CameraControlViewModelTests.swift */; };
		991AB5DF246A5A7C004FE7FA /* CameraControlViewModel.swift in Sources */ = {isa = PBXBuildFile; fileRef = 991AB5DE246A5A7C004FE7FA /* CameraControlViewModel.swift */; };
		991AB5E1246A5D5B004FE7FA /* CameraModelTests.swift in Sources */ = {isa = PBXBuildFile; fileRef = 991AB5E0246A5D5B004FE7FA /* CameraModelTests.swift */; };
		991AB5E3246A5DC3004FE7FA /* Camera.swift in Sources */ = {isa = PBXBuildFile; fileRef = 991AB5E2246A5DC3004FE7FA /* Camera.swift */; };
		991AB5E6246BCD5E004FE7FA /* NetworkingTestHelpers.swift in Sources */ = {isa = PBXBuildFile; fileRef = 991AB5E5246BCD5E004FE7FA /* NetworkingTestHelpers.swift */; };
		9921DF72245D4E290010F478 /* AppDelegate.swift in Sources */ = {isa = PBXBuildFile; fileRef = 9921DF71245D4E290010F478 /* AppDelegate.swift */; };
		9921DF74245D4E290010F478 /* SceneDelegate.swift in Sources */ = {isa = PBXBuildFile; fileRef = 9921DF73245D4E290010F478 /* SceneDelegate.swift */; };
		9921DF76245D4E290010F478 /* LoginView.swift in Sources */ = {isa = PBXBuildFile; fileRef = 9921DF75245D4E290010F478 /* LoginView.swift */; };
		9921DF78245D4E2B0010F478 /* Assets.xcassets in Resources */ = {isa = PBXBuildFile; fileRef = 9921DF77245D4E2B0010F478 /* Assets.xcassets */; };
		9921DF7B245D4E2B0010F478 /* Preview Assets.xcassets in Resources */ = {isa = PBXBuildFile; fileRef = 9921DF7A245D4E2B0010F478 /* Preview Assets.xcassets */; };
		9921DF7E245D4E2B0010F478 /* LaunchScreen.storyboard in Resources */ = {isa = PBXBuildFile; fileRef = 9921DF7C245D4E2B0010F478 /* LaunchScreen.storyboard */; };
		9921DF8C245D4E720010F478 /* UserModelTests.swift in Sources */ = {isa = PBXBuildFile; fileRef = 9921DF8B245D4E720010F478 /* UserModelTests.swift */; };
		9921DF95245D4F160010F478 /* User.swift in Sources */ = {isa = PBXBuildFile; fileRef = 9921DF94245D4F160010F478 /* User.swift */; };
		9921DF97245D551D0010F478 /* URLSessionMock.swift in Sources */ = {isa = PBXBuildFile; fileRef = 9921DF96245D551D0010F478 /* URLSessionMock.swift */; };
		9921DF9F245FB8420010F478 /* DogSitterAppUITests.swift in Sources */ = {isa = PBXBuildFile; fileRef = 9921DF9E245FB8420010F478 /* DogSitterAppUITests.swift */; };
		9921DFA7245FC6900010F478 /* CameraControlView.swift in Sources */ = {isa = PBXBuildFile; fileRef = 9921DFA6245FC6900010F478 /* CameraControlView.swift */; };
		99586C1024613B2B008D93E3 /* HttpServiceTests.swift in Sources */ = {isa = PBXBuildFile; fileRef = 99586C0F24613B2B008D93E3 /* HttpServiceTests.swift */; };
		99586C1324614808008D93E3 /* HttpService.swift in Sources */ = {isa = PBXBuildFile; fileRef = 99586C1224614808008D93E3 /* HttpService.swift */; };
		99586C15246322E9008D93E3 /* NetworkingAPI.swift in Sources */ = {isa = PBXBuildFile; fileRef = 99586C14246322E9008D93E3 /* NetworkingAPI.swift */; };
		99586C172463646C008D93E3 /* NetworkingAPITests.swift in Sources */ = {isa = PBXBuildFile; fileRef = 99586C162463646C008D93E3 /* NetworkingAPITests.swift */; };
		99586C1A2464A92E008D93E3 /* LoginViewModel.swift in Sources */ = {isa = PBXBuildFile; fileRef = 99586C192464A92E008D93E3 /* LoginViewModel.swift */; };
		99586C1C2464B4E5008D93E3 /* LoginViewModelTests.swift in Sources */ = {isa = PBXBuildFile; fileRef = 99586C1B2464B4E4008D93E3 /* LoginViewModelTests.swift */; };
		997D937C246FCFE10030144B /* JsonStructs.swift in Sources */ = {isa = PBXBuildFile; fileRef = 997D937B246FCFE10030144B /* JsonStructs.swift */; };
		997D937E246FDCBC0030144B /* URLs.swift in Sources */ = {isa = PBXBuildFile; fileRef = 997D937D246FDCBC0030144B /* URLs.swift */; };
		999B834024739A7E00DAF25E /* CameraControl_InteractorTests.swift in Sources */ = {isa = PBXBuildFile; fileRef = 999B833F24739A7E00DAF25E /* CameraControl_InteractorTests.swift */; };
		999B834324739EDD00DAF25E /* CameraControl_Interactor.swift in Sources */ = {isa = PBXBuildFile; fileRef = 999B834224739EDD00DAF25E /* CameraControl_Interactor.swift */; };
		999B83452473B52600DAF25E /* DataTaskMock.swift in Sources */ = {isa = PBXBuildFile; fileRef = 999B83442473B52600DAF25E /* DataTaskMock.swift */; };
		999B834724751B9E00DAF25E /* VideoPlayerUIView.swift in Sources */ = {isa = PBXBuildFile; fileRef = 999B834624751B9E00DAF25E /* VideoPlayerUIView.swift */; };
		999B834924751E3800DAF25E /* VideoPlayerSwiftUIView.swift in Sources */ = {isa = PBXBuildFile; fileRef = 999B834824751E3800DAF25E /* VideoPlayerSwiftUIView.swift */; };
/* End PBXBuildFile section */

/* Begin PBXContainerItemProxy section */
		9921DF8E245D4E720010F478 /* PBXContainerItemProxy */ = {
			isa = PBXContainerItemProxy;
			containerPortal = 9921DF66245D4E290010F478 /* Project object */;
			proxyType = 1;
			remoteGlobalIDString = 9921DF6D245D4E290010F478;
			remoteInfo = DogSitterApp;
		};
		9921DFA1245FB8420010F478 /* PBXContainerItemProxy */ = {
			isa = PBXContainerItemProxy;
			containerPortal = 9921DF66245D4E290010F478 /* Project object */;
			proxyType = 1;
			remoteGlobalIDString = 9921DF6D245D4E290010F478;
			remoteInfo = DogSitterApp;
		};
/* End PBXContainerItemProxy section */

/* Begin PBXFileReference section */
		991AB5DC246A555E004FE7FA /* CameraControlViewModelTests.swift */ = {isa = PBXFileReference; lastKnownFileType = sourcecode.swift; path = CameraControlViewModelTests.swift; sourceTree = "<group>"; };
		991AB5DE246A5A7C004FE7FA /* CameraControlViewModel.swift */ = {isa = PBXFileReference; lastKnownFileType = sourcecode.swift; path = CameraControlViewModel.swift; sourceTree = "<group>"; };
		991AB5E0246A5D5B004FE7FA /* CameraModelTests.swift */ = {isa = PBXFileReference; lastKnownFileType = sourcecode.swift; path = CameraModelTests.swift; sourceTree = "<group>"; };
		991AB5E2246A5DC3004FE7FA /* Camera.swift */ = {isa = PBXFileReference; lastKnownFileType = sourcecode.swift; path = Camera.swift; sourceTree = "<group>"; };
		991AB5E5246BCD5E004FE7FA /* NetworkingTestHelpers.swift */ = {isa = PBXFileReference; lastKnownFileType = sourcecode.swift; path = NetworkingTestHelpers.swift; sourceTree = "<group>"; };
		9921DF6E245D4E290010F478 /* DogSitterApp.app */ = {isa = PBXFileReference; explicitFileType = wrapper.application; includeInIndex = 0; path = DogSitterApp.app; sourceTree = BUILT_PRODUCTS_DIR; };
		9921DF71245D4E290010F478 /* AppDelegate.swift */ = {isa = PBXFileReference; lastKnownFileType = sourcecode.swift; path = AppDelegate.swift; sourceTree = "<group>"; };
		9921DF73245D4E290010F478 /* SceneDelegate.swift */ = {isa = PBXFileReference; lastKnownFileType = sourcecode.swift; path = SceneDelegate.swift; sourceTree = "<group>"; };
		9921DF75245D4E290010F478 /* LoginView.swift */ = {isa = PBXFileReference; lastKnownFileType = sourcecode.swift; path = LoginView.swift; sourceTree = "<group>"; };
		9921DF77245D4E2B0010F478 /* Assets.xcassets */ = {isa = PBXFileReference; lastKnownFileType = folder.assetcatalog; path = Assets.xcassets; sourceTree = "<group>"; };
		9921DF7A245D4E2B0010F478 /* Preview Assets.xcassets */ = {isa = PBXFileReference; lastKnownFileType = folder.assetcatalog; path = "Preview Assets.xcassets"; sourceTree = "<group>"; };
		9921DF7D245D4E2B0010F478 /* Base */ = {isa = PBXFileReference; lastKnownFileType = file.storyboard; name = Base; path = Base.lproj/LaunchScreen.storyboard; sourceTree = "<group>"; };
		9921DF7F245D4E2B0010F478 /* Info.plist */ = {isa = PBXFileReference; lastKnownFileType = text.plist.xml; path = Info.plist; sourceTree = "<group>"; };
		9921DF89245D4E720010F478 /* DogSitterAppTests.xctest */ = {isa = PBXFileReference; explicitFileType = wrapper.cfbundle; includeInIndex = 0; path = DogSitterAppTests.xctest; sourceTree = BUILT_PRODUCTS_DIR; };
		9921DF8B245D4E720010F478 /* UserModelTests.swift */ = {isa = PBXFileReference; lastKnownFileType = sourcecode.swift; path = UserModelTests.swift; sourceTree = "<group>"; };
		9921DF8D245D4E720010F478 /* Info.plist */ = {isa = PBXFileReference; lastKnownFileType = text.plist.xml; path = Info.plist; sourceTree = "<group>"; };
		9921DF94245D4F160010F478 /* User.swift */ = {isa = PBXFileReference; lastKnownFileType = sourcecode.swift; path = User.swift; sourceTree = "<group>"; };
		9921DF96245D551D0010F478 /* URLSessionMock.swift */ = {isa = PBXFileReference; lastKnownFileType = sourcecode.swift; path = URLSessionMock.swift; sourceTree = "<group>"; };
		9921DF9C245FB8420010F478 /* DogSitterAppUITests.xctest */ = {isa = PBXFileReference; explicitFileType = wrapper.cfbundle; includeInIndex = 0; path = DogSitterAppUITests.xctest; sourceTree = BUILT_PRODUCTS_DIR; };
		9921DF9E245FB8420010F478 /* DogSitterAppUITests.swift */ = {isa = PBXFileReference; lastKnownFileType = sourcecode.swift; path = DogSitterAppUITests.swift; sourceTree = "<group>"; };
		9921DFA0245FB8420010F478 /* Info.plist */ = {isa = PBXFileReference; lastKnownFileType = text.plist.xml; path = Info.plist; sourceTree = "<group>"; };
		9921DFA6245FC6900010F478 /* CameraControlView.swift */ = {isa = PBXFileReference; lastKnownFileType = sourcecode.swift; path = CameraControlView.swift; sourceTree = "<group>"; };
		99586C0F24613B2B008D93E3 /* HttpServiceTests.swift */ = {isa = PBXFileReference; lastKnownFileType = sourcecode.swift; path = HttpServiceTests.swift; sourceTree = "<group>"; };
		99586C1224614808008D93E3 /* HttpService.swift */ = {isa = PBXFileReference; lastKnownFileType = sourcecode.swift; path = HttpService.swift; sourceTree = "<group>"; };
		99586C14246322E9008D93E3 /* NetworkingAPI.swift */ = {isa = PBXFileReference; lastKnownFileType = sourcecode.swift; path = NetworkingAPI.swift; sourceTree = "<group>"; };
		99586C162463646C008D93E3 /* NetworkingAPITests.swift */ = {isa = PBXFileReference; lastKnownFileType = sourcecode.swift; path = NetworkingAPITests.swift; sourceTree = "<group>"; };
		99586C192464A92E008D93E3 /* LoginViewModel.swift */ = {isa = PBXFileReference; lastKnownFileType = sourcecode.swift; path = LoginViewModel.swift; sourceTree = "<group>"; };
		99586C1B2464B4E4008D93E3 /* LoginViewModelTests.swift */ = {isa = PBXFileReference; lastKnownFileType = sourcecode.swift; path = LoginViewModelTests.swift; sourceTree = "<group>"; };
		997D937B246FCFE10030144B /* JsonStructs.swift */ = {isa = PBXFileReference; lastKnownFileType = sourcecode.swift; path = JsonStructs.swift; sourceTree = "<group>"; };
		997D937D246FDCBC0030144B /* URLs.swift */ = {isa = PBXFileReference; lastKnownFileType = sourcecode.swift; path = URLs.swift; sourceTree = "<group>"; };
		999B833F24739A7E00DAF25E /* CameraControl_InteractorTests.swift */ = {isa = PBXFileReference; lastKnownFileType = sourcecode.swift; path = CameraControl_InteractorTests.swift; sourceTree = "<group>"; };
		999B834224739EDD00DAF25E /* CameraControl_Interactor.swift */ = {isa = PBXFileReference; lastKnownFileType = sourcecode.swift; path = CameraControl_Interactor.swift; sourceTree = "<group>"; };
		999B83442473B52600DAF25E /* DataTaskMock.swift */ = {isa = PBXFileReference; lastKnownFileType = sourcecode.swift; path = DataTaskMock.swift; sourceTree = "<group>"; };
		999B834624751B9E00DAF25E /* VideoPlayerUIView.swift */ = {isa = PBXFileReference; lastKnownFileType = sourcecode.swift; path = VideoPlayerUIView.swift; sourceTree = "<group>"; };
		999B834824751E3800DAF25E /* VideoPlayerSwiftUIView.swift */ = {isa = PBXFileReference; lastKnownFileType = sourcecode.swift; path = VideoPlayerSwiftUIView.swift; sourceTree = "<group>"; };
/* End PBXFileReference section */

/* Begin PBXFrameworksBuildPhase section */
		9921DF6B245D4E290010F478 /* Frameworks */ = {
			isa = PBXFrameworksBuildPhase;
			buildActionMask = 2147483647;
			files = (
			);
			runOnlyForDeploymentPostprocessing = 0;
		};
		9921DF86245D4E720010F478 /* Frameworks */ = {
			isa = PBXFrameworksBuildPhase;
			buildActionMask = 2147483647;
			files = (
			);
			runOnlyForDeploymentPostprocessing = 0;
		};
		9921DF99245FB8420010F478 /* Frameworks */ = {
			isa = PBXFrameworksBuildPhase;
			buildActionMask = 2147483647;
			files = (
			);
			runOnlyForDeploymentPostprocessing = 0;
		};
/* End PBXFrameworksBuildPhase section */

/* Begin PBXGroup section */
		991AB5E4246B3C6B004FE7FA /* Views */ = {
			isa = PBXGroup;
			children = (
				9921DF75245D4E290010F478 /* LoginView.swift */,
				9921DFA6245FC6900010F478 /* CameraControlView.swift */,
				999B834624751B9E00DAF25E /* VideoPlayerUIView.swift */,
				999B834824751E3800DAF25E /* VideoPlayerSwiftUIView.swift */,
			);
			path = Views;
			sourceTree = "<group>";
		};
		9921DF65245D4E290010F478 = {
			isa = PBXGroup;
			children = (
				9921DF70245D4E290010F478 /* DogSitterApp */,
				9921DF8A245D4E720010F478 /* DogSitterAppTests */,
				9921DF9D245FB8420010F478 /* DogSitterAppUITests */,
				9921DF6F245D4E290010F478 /* Products */,
			);
			sourceTree = "<group>";
		};
		9921DF6F245D4E290010F478 /* Products */ = {
			isa = PBXGroup;
			children = (
				9921DF6E245D4E290010F478 /* DogSitterApp.app */,
				9921DF89245D4E720010F478 /* DogSitterAppTests.xctest */,
				9921DF9C245FB8420010F478 /* DogSitterAppUITests.xctest */,
			);
			name = Products;
			sourceTree = "<group>";
		};
		9921DF70245D4E290010F478 /* DogSitterApp */ = {
			isa = PBXGroup;
			children = (
				991AB5E4246B3C6B004FE7FA /* Views */,
				99586C182464A908008D93E3 /* View Models */,
				999B834124739EC100DAF25E /* Interactors */,
				9921DF93245D4F0A0010F478 /* Models */,
				99586C11246147C8008D93E3 /* Networking */,
				9921DF71245D4E290010F478 /* AppDelegate.swift */,
				9921DF73245D4E290010F478 /* SceneDelegate.swift */,
				9921DF77245D4E2B0010F478 /* Assets.xcassets */,
				9921DF7C245D4E2B0010F478 /* LaunchScreen.storyboard */,
				9921DF7F245D4E2B0010F478 /* Info.plist */,
				9921DF79245D4E2B0010F478 /* Preview Content */,
			);
			path = DogSitterApp;
			sourceTree = "<group>";
		};
		9921DF79245D4E2B0010F478 /* Preview Content */ = {
			isa = PBXGroup;
			children = (
				9921DF7A245D4E2B0010F478 /* Preview Assets.xcassets */,
			);
			path = "Preview Content";
			sourceTree = "<group>";
		};
		9921DF8A245D4E720010F478 /* DogSitterAppTests */ = {
			isa = PBXGroup;
			children = (
				99EF06CD246E64C700B01BB9 /* View Models */,
				999B833E2473994E00DAF25E /* Interactors */,
				99EF06CC246E64C000B01BB9 /* Models */,
				99EF06CB246E649500B01BB9 /* Networking */,
				99EF06CE246E661200B01BB9 /* Mocks */,
				99EF06CF246E663B00B01BB9 /* Helpers */,
				9921DF8D245D4E720010F478 /* Info.plist */,
			);
			path = DogSitterAppTests;
			sourceTree = "<group>";
		};
		9921DF93245D4F0A0010F478 /* Models */ = {
			isa = PBXGroup;
			children = (
				9921DF94245D4F160010F478 /* User.swift */,
				991AB5E2246A5DC3004FE7FA /* Camera.swift */,
			);
			path = Models;
			sourceTree = "<group>";
		};
		9921DF9D245FB8420010F478 /* DogSitterAppUITests */ = {
			isa = PBXGroup;
			children = (
				9921DF9E245FB8420010F478 /* DogSitterAppUITests.swift */,
				9921DFA0245FB8420010F478 /* Info.plist */,
			);
			path = DogSitterAppUITests;
			sourceTree = "<group>";
		};
		99586C11246147C8008D93E3 /* Networking */ = {
			isa = PBXGroup;
			children = (
				99586C1224614808008D93E3 /* HttpService.swift */,
				99586C14246322E9008D93E3 /* NetworkingAPI.swift */,
				997D937B246FCFE10030144B /* JsonStructs.swift */,
				997D937D246FDCBC0030144B /* URLs.swift */,
			);
			path = Networking;
			sourceTree = "<group>";
		};
		99586C182464A908008D93E3 /* View Models */ = {
			isa = PBXGroup;
			children = (
				991AB5DE246A5A7C004FE7FA /* CameraControlViewModel.swift */,
				99586C192464A92E008D93E3 /* LoginViewModel.swift */,
			);
			path = "View Models";
			sourceTree = "<group>";
		};
		999B833E2473994E00DAF25E /* Interactors */ = {
			isa = PBXGroup;
			children = (
				999B833F24739A7E00DAF25E /* CameraControl_InteractorTests.swift */,
			);
			path = Interactors;
			sourceTree = "<group>";
		};
		999B834124739EC100DAF25E /* Interactors */ = {
			isa = PBXGroup;
			children = (
				999B834224739EDD00DAF25E /* CameraControl_Interactor.swift */,
			);
			path = Interactors;
			sourceTree = "<group>";
		};
		99EF06CB246E649500B01BB9 /* Networking */ = {
			isa = PBXGroup;
			children = (
				99586C0F24613B2B008D93E3 /* HttpServiceTests.swift */,
				99586C162463646C008D93E3 /* NetworkingAPITests.swift */,
			);
			path = Networking;
			sourceTree = "<group>";
		};
		99EF06CC246E64C000B01BB9 /* Models */ = {
			isa = PBXGroup;
			children = (
				9921DF8B245D4E720010F478 /* UserModelTests.swift */,
				991AB5E0246A5D5B004FE7FA /* CameraModelTests.swift */,
			);
			path = Models;
			sourceTree = "<group>";
		};
		99EF06CD246E64C700B01BB9 /* View Models */ = {
			isa = PBXGroup;
			children = (
				99586C1B2464B4E4008D93E3 /* LoginViewModelTests.swift */,
				991AB5DC246A555E004FE7FA /* CameraControlViewModelTests.swift */,
			);
			path = "View Models";
			sourceTree = "<group>";
		};
		99EF06CE246E661200B01BB9 /* Mocks */ = {
			isa = PBXGroup;
			children = (
				9921DF96245D551D0010F478 /* URLSessionMock.swift */,
				999B83442473B52600DAF25E /* DataTaskMock.swift */,
			);
			path = Mocks;
			sourceTree = "<group>";
		};
		99EF06CF246E663B00B01BB9 /* Helpers */ = {
			isa = PBXGroup;
			children = (
				991AB5E5246BCD5E004FE7FA /* NetworkingTestHelpers.swift */,
			);
			path = Helpers;
			sourceTree = "<group>";
		};
/* End PBXGroup section */

/* Begin PBXNativeTarget section */
		9921DF6D245D4E290010F478 /* DogSitterApp */ = {
			isa = PBXNativeTarget;
			buildConfigurationList = 9921DF82245D4E2B0010F478 /* Build configuration list for PBXNativeTarget "DogSitterApp" */;
			buildPhases = (
				9921DF6A245D4E290010F478 /* Sources */,
				9921DF6B245D4E290010F478 /* Frameworks */,
				9921DF6C245D4E290010F478 /* Resources */,
			);
			buildRules = (
			);
			dependencies = (
			);
			name = DogSitterApp;
			productName = DogSitterApp;
			productReference = 9921DF6E245D4E290010F478 /* DogSitterApp.app */;
			productType = "com.apple.product-type.application";
		};
		9921DF88245D4E720010F478 /* DogSitterAppTests */ = {
			isa = PBXNativeTarget;
			buildConfigurationList = 9921DF90245D4E720010F478 /* Build configuration list for PBXNativeTarget "DogSitterAppTests" */;
			buildPhases = (
				9921DF85245D4E720010F478 /* Sources */,
				9921DF86245D4E720010F478 /* Frameworks */,
				9921DF87245D4E720010F478 /* Resources */,
			);
			buildRules = (
			);
			dependencies = (
				9921DF8F245D4E720010F478 /* PBXTargetDependency */,
			);
			name = DogSitterAppTests;
			productName = DogSitterAppTests;
			productReference = 9921DF89245D4E720010F478 /* DogSitterAppTests.xctest */;
			productType = "com.apple.product-type.bundle.unit-test";
		};
		9921DF9B245FB8420010F478 /* DogSitterAppUITests */ = {
			isa = PBXNativeTarget;
			buildConfigurationList = 9921DFA5245FB8420010F478 /* Build configuration list for PBXNativeTarget "DogSitterAppUITests" */;
			buildPhases = (
				9921DF98245FB8420010F478 /* Sources */,
				9921DF99245FB8420010F478 /* Frameworks */,
				9921DF9A245FB8420010F478 /* Resources */,
			);
			buildRules = (
			);
			dependencies = (
				9921DFA2245FB8420010F478 /* PBXTargetDependency */,
			);
			name = DogSitterAppUITests;
			productName = DogSitterAppUITests;
			productReference = 9921DF9C245FB8420010F478 /* DogSitterAppUITests.xctest */;
			productType = "com.apple.product-type.bundle.ui-testing";
		};
/* End PBXNativeTarget section */

/* Begin PBXProject section */
		9921DF66245D4E290010F478 /* Project object */ = {
			isa = PBXProject;
			attributes = {
				LastSwiftUpdateCheck = 1140;
				LastUpgradeCheck = 1140;
				ORGANIZATIONNAME = "PlayBow Neighbors";
				TargetAttributes = {
					9921DF6D245D4E290010F478 = {
						CreatedOnToolsVersion = 11.4;
					};
					9921DF88245D4E720010F478 = {
						CreatedOnToolsVersion = 11.4;
						TestTargetID = 9921DF6D245D4E290010F478;
					};
					9921DF9B245FB8420010F478 = {
						CreatedOnToolsVersion = 11.4;
						TestTargetID = 9921DF6D245D4E290010F478;
					};
				};
			};
			buildConfigurationList = 9921DF69245D4E290010F478 /* Build configuration list for PBXProject "DogSitterApp" */;
			compatibilityVersion = "Xcode 9.3";
			developmentRegion = en;
			hasScannedForEncodings = 0;
			knownRegions = (
				en,
				Base,
			);
			mainGroup = 9921DF65245D4E290010F478;
			productRefGroup = 9921DF6F245D4E290010F478 /* Products */;
			projectDirPath = "";
			projectRoot = "";
			targets = (
				9921DF6D245D4E290010F478 /* DogSitterApp */,
				9921DF88245D4E720010F478 /* DogSitterAppTests */,
				9921DF9B245FB8420010F478 /* DogSitterAppUITests */,
			);
		};
/* End PBXProject section */

/* Begin PBXResourcesBuildPhase section */
		9921DF6C245D4E290010F478 /* Resources */ = {
			isa = PBXResourcesBuildPhase;
			buildActionMask = 2147483647;
			files = (
				9921DF7E245D4E2B0010F478 /* LaunchScreen.storyboard in Resources */,
				9921DF7B245D4E2B0010F478 /* Preview Assets.xcassets in Resources */,
				9921DF78245D4E2B0010F478 /* Assets.xcassets in Resources */,
			);
			runOnlyForDeploymentPostprocessing = 0;
		};
		9921DF87245D4E720010F478 /* Resources */ = {
			isa = PBXResourcesBuildPhase;
			buildActionMask = 2147483647;
			files = (
			);
			runOnlyForDeploymentPostprocessing = 0;
		};
		9921DF9A245FB8420010F478 /* Resources */ = {
			isa = PBXResourcesBuildPhase;
			buildActionMask = 2147483647;
			files = (
			);
			runOnlyForDeploymentPostprocessing = 0;
		};
/* End PBXResourcesBuildPhase section */

/* Begin PBXSourcesBuildPhase section */
		9921DF6A245D4E290010F478 /* Sources */ = {
			isa = PBXSourcesBuildPhase;
			buildActionMask = 2147483647;
			files = (
				991AB5E3246A5DC3004FE7FA /* Camera.swift in Sources */,
				999B834924751E3800DAF25E /* VideoPlayerSwiftUIView.swift in Sources */,
				997D937E246FDCBC0030144B /* URLs.swift in Sources */,
				99586C15246322E9008D93E3 /* NetworkingAPI.swift in Sources */,
				9921DF95245D4F160010F478 /* User.swift in Sources */,
				99586C1324614808008D93E3 /* HttpService.swift in Sources */,
				999B834324739EDD00DAF25E /* CameraControl_Interactor.swift in Sources */,
				999B834724751B9E00DAF25E /* VideoPlayerUIView.swift in Sources */,
				9921DF72245D4E290010F478 /* AppDelegate.swift in Sources */,
				991AB5DF246A5A7C004FE7FA /* CameraControlViewModel.swift in Sources */,
				9921DF74245D4E290010F478 /* SceneDelegate.swift in Sources */,
				9921DFA7245FC6900010F478 /* CameraControlView.swift in Sources */,
				9921DF76245D4E290010F478 /* LoginView.swift in Sources */,
				997D937C246FCFE10030144B /* JsonStructs.swift in Sources */,
				99586C1A2464A92E008D93E3 /* LoginViewModel.swift in Sources */,
			);
			runOnlyForDeploymentPostprocessing = 0;
		};
		9921DF85245D4E720010F478 /* Sources */ = {
			isa = PBXSourcesBuildPhase;
			buildActionMask = 2147483647;
			files = (
				99586C1C2464B4E5008D93E3 /* LoginViewModelTests.swift in Sources */,
				999B834024739A7E00DAF25E /* CameraControl_InteractorTests.swift in Sources */,
				991AB5E6246BCD5E004FE7FA /* NetworkingTestHelpers.swift in Sources */,
				99586C172463646C008D93E3 /* NetworkingAPITests.swift in Sources */,
				9921DF97245D551D0010F478 /* URLSessionMock.swift in Sources */,
				99586C1024613B2B008D93E3 /* HttpServiceTests.swift in Sources */,
				999B83452473B52600DAF25E /* DataTaskMock.swift in Sources */,
				9921DF8C245D4E720010F478 /* UserModelTests.swift in Sources */,
				991AB5DD246A555E004FE7FA /* CameraControlViewModelTests.swift in Sources */,
				991AB5E1246A5D5B004FE7FA /* CameraModelTests.swift in Sources */,
			);
			runOnlyForDeploymentPostprocessing = 0;
		};
		9921DF98245FB8420010F478 /* Sources */ = {
			isa = PBXSourcesBuildPhase;
			buildActionMask = 2147483647;
			files = (
				9921DF9F245FB8420010F478 /* DogSitterAppUITests.swift in Sources */,
			);
			runOnlyForDeploymentPostprocessing = 0;
		};
/* End PBXSourcesBuildPhase section */

/* Begin PBXTargetDependency section */
		9921DF8F245D4E720010F478 /* PBXTargetDependency */ = {
			isa = PBXTargetDependency;
			target = 9921DF6D245D4E290010F478 /* DogSitterApp */;
			targetProxy = 9921DF8E245D4E720010F478 /* PBXContainerItemProxy */;
		};
		9921DFA2245FB8420010F478 /* PBXTargetDependency */ = {
			isa = PBXTargetDependency;
			target = 9921DF6D245D4E290010F478 /* DogSitterApp */;
			targetProxy = 9921DFA1245FB8420010F478 /* PBXContainerItemProxy */;
		};
/* End PBXTargetDependency section */

/* Begin PBXVariantGroup section */
		9921DF7C245D4E2B0010F478 /* LaunchScreen.storyboard */ = {
			isa = PBXVariantGroup;
			children = (
				9921DF7D245D4E2B0010F478 /* Base */,
			);
			name = LaunchScreen.storyboard;
			sourceTree = "<group>";
		};
/* End PBXVariantGroup section */

/* Begin XCBuildConfiguration section */
		9921DF80245D4E2B0010F478 /* Debug */ = {
			isa = XCBuildConfiguration;
			buildSettings = {
				ALWAYS_SEARCH_USER_PATHS = NO;
				CLANG_ANALYZER_NONNULL = YES;
				CLANG_ANALYZER_NUMBER_OBJECT_CONVERSION = YES_AGGRESSIVE;
				CLANG_CXX_LANGUAGE_STANDARD = "gnu++14";
				CLANG_CXX_LIBRARY = "libc++";
				CLANG_ENABLE_MODULES = YES;
				CLANG_ENABLE_OBJC_ARC = YES;
				CLANG_ENABLE_OBJC_WEAK = YES;
				CLANG_WARN_BLOCK_CAPTURE_AUTORELEASING = YES;
				CLANG_WARN_BOOL_CONVERSION = YES;
				CLANG_WARN_COMMA = YES;
				CLANG_WARN_CONSTANT_CONVERSION = YES;
				CLANG_WARN_DEPRECATED_OBJC_IMPLEMENTATIONS = YES;
				CLANG_WARN_DIRECT_OBJC_ISA_USAGE = YES_ERROR;
				CLANG_WARN_DOCUMENTATION_COMMENTS = YES;
				CLANG_WARN_EMPTY_BODY = YES;
				CLANG_WARN_ENUM_CONVERSION = YES;
				CLANG_WARN_INFINITE_RECURSION = YES;
				CLANG_WARN_INT_CONVERSION = YES;
				CLANG_WARN_NON_LITERAL_NULL_CONVERSION = YES;
				CLANG_WARN_OBJC_IMPLICIT_RETAIN_SELF = YES;
				CLANG_WARN_OBJC_LITERAL_CONVERSION = YES;
				CLANG_WARN_OBJC_ROOT_CLASS = YES_ERROR;
				CLANG_WARN_RANGE_LOOP_ANALYSIS = YES;
				CLANG_WARN_STRICT_PROTOTYPES = YES;
				CLANG_WARN_SUSPICIOUS_MOVE = YES;
				CLANG_WARN_UNGUARDED_AVAILABILITY = YES_AGGRESSIVE;
				CLANG_WARN_UNREACHABLE_CODE = YES;
				CLANG_WARN__DUPLICATE_METHOD_MATCH = YES;
				COPY_PHASE_STRIP = NO;
				DEBUG_INFORMATION_FORMAT = dwarf;
				ENABLE_STRICT_OBJC_MSGSEND = YES;
				ENABLE_TESTABILITY = YES;
				GCC_C_LANGUAGE_STANDARD = gnu11;
				GCC_DYNAMIC_NO_PIC = NO;
				GCC_NO_COMMON_BLOCKS = YES;
				GCC_OPTIMIZATION_LEVEL = 0;
				GCC_PREPROCESSOR_DEFINITIONS = (
					"DEBUG=1",
					"$(inherited)",
				);
				GCC_WARN_64_TO_32_BIT_CONVERSION = YES;
				GCC_WARN_ABOUT_RETURN_TYPE = YES_ERROR;
				GCC_WARN_UNDECLARED_SELECTOR = YES;
				GCC_WARN_UNINITIALIZED_AUTOS = YES_AGGRESSIVE;
				GCC_WARN_UNUSED_FUNCTION = YES;
				GCC_WARN_UNUSED_VARIABLE = YES;
				IPHONEOS_DEPLOYMENT_TARGET = 13.4;
				MTL_ENABLE_DEBUG_INFO = INCLUDE_SOURCE;
				MTL_FAST_MATH = YES;
				ONLY_ACTIVE_ARCH = YES;
				SDKROOT = iphoneos;
				SWIFT_ACTIVE_COMPILATION_CONDITIONS = DEBUG;
				SWIFT_OPTIMIZATION_LEVEL = "-Onone";
			};
			name = Debug;
		};
		9921DF81245D4E2B0010F478 /* Release */ = {
			isa = XCBuildConfiguration;
			buildSettings = {
				ALWAYS_SEARCH_USER_PATHS = NO;
				CLANG_ANALYZER_NONNULL = YES;
				CLANG_ANALYZER_NUMBER_OBJECT_CONVERSION = YES_AGGRESSIVE;
				CLANG_CXX_LANGUAGE_STANDARD = "gnu++14";
				CLANG_CXX_LIBRARY = "libc++";
				CLANG_ENABLE_MODULES = YES;
				CLANG_ENABLE_OBJC_ARC = YES;
				CLANG_ENABLE_OBJC_WEAK = YES;
				CLANG_WARN_BLOCK_CAPTURE_AUTORELEASING = YES;
				CLANG_WARN_BOOL_CONVERSION = YES;
				CLANG_WARN_COMMA = YES;
				CLANG_WARN_CONSTANT_CONVERSION = YES;
				CLANG_WARN_DEPRECATED_OBJC_IMPLEMENTATIONS = YES;
				CLANG_WARN_DIRECT_OBJC_ISA_USAGE = YES_ERROR;
				CLANG_WARN_DOCUMENTATION_COMMENTS = YES;
				CLANG_WARN_EMPTY_BODY = YES;
				CLANG_WARN_ENUM_CONVERSION = YES;
				CLANG_WARN_INFINITE_RECURSION = YES;
				CLANG_WARN_INT_CONVERSION = YES;
				CLANG_WARN_NON_LITERAL_NULL_CONVERSION = YES;
				CLANG_WARN_OBJC_IMPLICIT_RETAIN_SELF = YES;
				CLANG_WARN_OBJC_LITERAL_CONVERSION = YES;
				CLANG_WARN_OBJC_ROOT_CLASS = YES_ERROR;
				CLANG_WARN_RANGE_LOOP_ANALYSIS = YES;
				CLANG_WARN_STRICT_PROTOTYPES = YES;
				CLANG_WARN_SUSPICIOUS_MOVE = YES;
				CLANG_WARN_UNGUARDED_AVAILABILITY = YES_AGGRESSIVE;
				CLANG_WARN_UNREACHABLE_CODE = YES;
				CLANG_WARN__DUPLICATE_METHOD_MATCH = YES;
				COPY_PHASE_STRIP = NO;
				DEBUG_INFORMATION_FORMAT = "dwarf-with-dsym";
				ENABLE_NS_ASSERTIONS = NO;
				ENABLE_STRICT_OBJC_MSGSEND = YES;
				GCC_C_LANGUAGE_STANDARD = gnu11;
				GCC_NO_COMMON_BLOCKS = YES;
				GCC_WARN_64_TO_32_BIT_CONVERSION = YES;
				GCC_WARN_ABOUT_RETURN_TYPE = YES_ERROR;
				GCC_WARN_UNDECLARED_SELECTOR = YES;
				GCC_WARN_UNINITIALIZED_AUTOS = YES_AGGRESSIVE;
				GCC_WARN_UNUSED_FUNCTION = YES;
				GCC_WARN_UNUSED_VARIABLE = YES;
				IPHONEOS_DEPLOYMENT_TARGET = 13.4;
				MTL_ENABLE_DEBUG_INFO = NO;
				MTL_FAST_MATH = YES;
				SDKROOT = iphoneos;
				SWIFT_COMPILATION_MODE = wholemodule;
				SWIFT_OPTIMIZATION_LEVEL = "-O";
				VALIDATE_PRODUCT = YES;
			};
			name = Release;
		};
		9921DF83245D4E2B0010F478 /* Debug */ = {
			isa = XCBuildConfiguration;
			buildSettings = {
				ASSETCATALOG_COMPILER_APPICON_NAME = AppIcon;
				CODE_SIGN_STYLE = Automatic;
				DEVELOPMENT_ASSET_PATHS = "\"DogSitterApp/Preview Content\"";
				DEVELOPMENT_TEAM = XBX5KWCG2W;
				ENABLE_PREVIEWS = YES;
				INFOPLIST_FILE = DogSitterApp/Info.plist;
				LD_RUNPATH_SEARCH_PATHS = (
					"$(inherited)",
					"@executable_path/Frameworks",
				);
				PRODUCT_BUNDLE_IDENTIFIER = com.playbowdogs.DogSitterApp;
				PRODUCT_NAME = "$(TARGET_NAME)";
				SWIFT_VERSION = 5.0;
				TARGETED_DEVICE_FAMILY = "1,2";
			};
			name = Debug;
		};
		9921DF84245D4E2B0010F478 /* Release */ = {
			isa = XCBuildConfiguration;
			buildSettings = {
				ASSETCATALOG_COMPILER_APPICON_NAME = AppIcon;
				CODE_SIGN_STYLE = Automatic;
				DEVELOPMENT_ASSET_PATHS = "\"DogSitterApp/Preview Content\"";
				DEVELOPMENT_TEAM = XBX5KWCG2W;
				ENABLE_PREVIEWS = YES;
				INFOPLIST_FILE = DogSitterApp/Info.plist;
				LD_RUNPATH_SEARCH_PATHS = (
					"$(inherited)",
					"@executable_path/Frameworks",
				);
				PRODUCT_BUNDLE_IDENTIFIER = com.playbowdogs.DogSitterApp;
				PRODUCT_NAME = "$(TARGET_NAME)";
				SWIFT_VERSION = 5.0;
				TARGETED_DEVICE_FAMILY = "1,2";
			};
			name = Release;
		};
		9921DF91245D4E720010F478 /* Debug */ = {
			isa = XCBuildConfiguration;
			buildSettings = {
				BUNDLE_LOADER = "$(TEST_HOST)";
				CODE_SIGN_STYLE = Automatic;
				DEVELOPMENT_TEAM = XBX5KWCG2W;
				INFOPLIST_FILE = DogSitterAppTests/Info.plist;
				LD_RUNPATH_SEARCH_PATHS = (
					"$(inherited)",
					"@executable_path/Frameworks",
					"@loader_path/Frameworks",
				);
				PRODUCT_BUNDLE_IDENTIFIER = com.playbowdogs.DogSitterAppTests;
				PRODUCT_NAME = "$(TARGET_NAME)";
				SWIFT_VERSION = 5.0;
				TARGETED_DEVICE_FAMILY = "1,2";
				TEST_HOST = "$(BUILT_PRODUCTS_DIR)/DogSitterApp.app/DogSitterApp";
			};
			name = Debug;
		};
		9921DF92245D4E720010F478 /* Release */ = {
			isa = XCBuildConfiguration;
			buildSettings = {
				BUNDLE_LOADER = "$(TEST_HOST)";
				CODE_SIGN_STYLE = Automatic;
				DEVELOPMENT_TEAM = XBX5KWCG2W;
				INFOPLIST_FILE = DogSitterAppTests/Info.plist;
				LD_RUNPATH_SEARCH_PATHS = (
					"$(inherited)",
					"@executable_path/Frameworks",
					"@loader_path/Frameworks",
				);
				PRODUCT_BUNDLE_IDENTIFIER = com.playbowdogs.DogSitterAppTests;
				PRODUCT_NAME = "$(TARGET_NAME)";
				SWIFT_VERSION = 5.0;
				TARGETED_DEVICE_FAMILY = "1,2";
				TEST_HOST = "$(BUILT_PRODUCTS_DIR)/DogSitterApp.app/DogSitterApp";
			};
			name = Release;
		};
		9921DFA3245FB8420010F478 /* Debug */ = {
			isa = XCBuildConfiguration;
			buildSettings = {
				CODE_SIGN_STYLE = Automatic;
				DEVELOPMENT_TEAM = XBX5KWCG2W;
				INFOPLIST_FILE = DogSitterAppUITests/Info.plist;
				LD_RUNPATH_SEARCH_PATHS = (
					"$(inherited)",
					"@executable_path/Frameworks",
					"@loader_path/Frameworks",
				);
				PRODUCT_BUNDLE_IDENTIFIER = com.playbowdogs.DogSitterAppUITests;
				PRODUCT_NAME = "$(TARGET_NAME)";
				SWIFT_VERSION = 5.0;
				TARGETED_DEVICE_FAMILY = "1,2";
				TEST_TARGET_NAME = DogSitterApp;
			};
			name = Debug;
		};
		9921DFA4245FB8420010F478 /* Release */ = {
			isa = XCBuildConfiguration;
			buildSettings = {
				CODE_SIGN_STYLE = Automatic;
				DEVELOPMENT_TEAM = XBX5KWCG2W;
				INFOPLIST_FILE = DogSitterAppUITests/Info.plist;
				LD_RUNPATH_SEARCH_PATHS = (
					"$(inherited)",
					"@executable_path/Frameworks",
					"@loader_path/Frameworks",
				);
				PRODUCT_BUNDLE_IDENTIFIER = com.playbowdogs.DogSitterAppUITests;
				PRODUCT_NAME = "$(TARGET_NAME)";
				SWIFT_VERSION = 5.0;
				TARGETED_DEVICE_FAMILY = "1,2";
				TEST_TARGET_NAME = DogSitterApp;
			};
			name = Release;
		};
/* End XCBuildConfiguration section */

/* Begin XCConfigurationList section */
		9921DF69245D4E290010F478 /* Build configuration list for PBXProject "DogSitterApp" */ = {
			isa = XCConfigurationList;
			buildConfigurations = (
				9921DF80245D4E2B0010F478 /* Debug */,
				9921DF81245D4E2B0010F478 /* Release */,
			);
			defaultConfigurationIsVisible = 0;
			defaultConfigurationName = Release;
		};
		9921DF82245D4E2B0010F478 /* Build configuration list for PBXNativeTarget "DogSitterApp" */ = {
			isa = XCConfigurationList;
			buildConfigurations = (
				9921DF83245D4E2B0010F478 /* Debug */,
				9921DF84245D4E2B0010F478 /* Release */,
			);
			defaultConfigurationIsVisible = 0;
			defaultConfigurationName = Release;
		};
		9921DF90245D4E720010F478 /* Build configuration list for PBXNativeTarget "DogSitterAppTests" */ = {
			isa = XCConfigurationList;
			buildConfigurations = (
				9921DF91245D4E720010F478 /* Debug */,
				9921DF92245D4E720010F478 /* Release */,
			);
			defaultConfigurationIsVisible = 0;
			defaultConfigurationName = Release;
		};
		9921DFA5245FB8420010F478 /* Build configuration list for PBXNativeTarget "DogSitterAppUITests" */ = {
			isa = XCConfigurationList;
			buildConfigurations = (
				9921DFA3245FB8420010F478 /* Debug */,
				9921DFA4245FB8420010F478 /* Release */,
			);
			defaultConfigurationIsVisible = 0;
			defaultConfigurationName = Release;
		};
/* End XCConfigurationList section */
	};
	rootObject = 9921DF66245D4E290010F478 /* Project object */;
}
